// !$*UTF8*$!
{
	archiveVersion = 1;
	classes = {
	};
	objectVersion = 50;
	objects = {

/* Begin PBXBuildFile section */
		28F0EC3C592DE00465AB11D5 /* Pods_Art.framework in Frameworks */ = {isa = PBXBuildFile; fileRef = 0EDD2C5C3DE3D7D87E9B7E9B /* Pods_Art.framework */; };
		2BB569BD24192A5E00F086FB /* AppDelegate.swift in Sources */ = {isa = PBXBuildFile; fileRef = 2BB569BC24192A5E00F086FB /* AppDelegate.swift */; };
		2BB569BF24192A5E00F086FB /* SceneDelegate.swift in Sources */ = {isa = PBXBuildFile; fileRef = 2BB569BE24192A5E00F086FB /* SceneDelegate.swift */; };
		2BB569C124192A5E00F086FB /* ViewController.swift in Sources */ = {isa = PBXBuildFile; fileRef = 2BB569C024192A5E00F086FB /* ViewController.swift */; };
		2BB569C424192A5E00F086FB /* Main.storyboard in Resources */ = {isa = PBXBuildFile; fileRef = 2BB569C224192A5E00F086FB /* Main.storyboard */; };
		2BB569C624192A6000F086FB /* Assets.xcassets in Resources */ = {isa = PBXBuildFile; fileRef = 2BB569C524192A6000F086FB /* Assets.xcassets */; };
		2BB569C924192A6000F086FB /* LaunchScreen.storyboard in Resources */ = {isa = PBXBuildFile; fileRef = 2BB569C724192A6000F086FB /* LaunchScreen.storyboard */; };
		2BB569D724192BB700F086FB /* AppDelegate.swift in Sources */ = {isa = PBXBuildFile; fileRef = 2BB569D624192BB700F086FB /* AppDelegate.swift */; };
		2BB569D924192BB700F086FB /* SceneDelegate.swift in Sources */ = {isa = PBXBuildFile; fileRef = 2BB569D824192BB700F086FB /* SceneDelegate.swift */; };
		2BB569DB24192BB700F086FB /* ViewController.swift in Sources */ = {isa = PBXBuildFile; fileRef = 2BB569DA24192BB700F086FB /* ViewController.swift */; };
		2BB569DE24192BB700F086FB /* Main.storyboard in Resources */ = {isa = PBXBuildFile; fileRef = 2BB569DC24192BB700F086FB /* Main.storyboard */; };
		2BB569E324192BB800F086FB /* LaunchScreen.storyboard in Resources */ = {isa = PBXBuildFile; fileRef = 2BB569E124192BB800F086FB /* LaunchScreen.storyboard */; };
		2BB569E924192CCA00F086FB /* Assets.xcassets in Resources */ = {isa = PBXBuildFile; fileRef = 2BB569C524192A6000F086FB /* Assets.xcassets */; };
		2BB569EB2419339F00F086FB /* LoginStoryboard.storyboard in Resources */ = {isa = PBXBuildFile; fileRef = 2BB569EA2419339F00F086FB /* LoginStoryboard.storyboard */; };
		2BC8BC4D241A3A6B00F179F2 /* GoogleService-Info.plist in Resources */ = {isa = PBXBuildFile; fileRef = 2BC8BC4C241A3A6B00F179F2 /* GoogleService-Info.plist */; };
		2BC8BC4F241A3BF900F179F2 /* GoogleService-Info.plist in Resources */ = {isa = PBXBuildFile; fileRef = 2BC8BC4E241A3BF900F179F2 /* GoogleService-Info.plist */; };
		2BC8BC55241A544B00F179F2 /* LoginVC.swift in Sources */ = {isa = PBXBuildFile; fileRef = 2BC8BC54241A544B00F179F2 /* LoginVC.swift */; };
		2BC8BC57241A545D00F179F2 /* RegisterVC.swift in Sources */ = {isa = PBXBuildFile; fileRef = 2BC8BC56241A545D00F179F2 /* RegisterVC.swift */; };
		2BC8BC5A241A631800F179F2 /* Extensions.swift in Sources */ = {isa = PBXBuildFile; fileRef = 2BC8BC59241A631800F179F2 /* Extensions.swift */; };
		2BC8BC5C241A758B00F179F2 /* Constants.swift in Sources */ = {isa = PBXBuildFile; fileRef = 2BC8BC5B241A758B00F179F2 /* Constants.swift */; };
		2BD9072B241B57AB00D814C2 /* RoundedViews.swift in Sources */ = {isa = PBXBuildFile; fileRef = 2BD9072A241B57AB00D814C2 /* RoundedViews.swift */; };
		B340D8E10D53569993BD684A /* Pods_ArtAdmin.framework in Frameworks */ = {isa = PBXBuildFile; fileRef = 6CCF40AA473A97FE322E8F3D /* Pods_ArtAdmin.framework */; };
/* End PBXBuildFile section */

/* Begin PBXFileReference section */
		0EDD2C5C3DE3D7D87E9B7E9B /* Pods_Art.framework */ = {isa = PBXFileReference; explicitFileType = wrapper.framework; includeInIndex = 0; path = Pods_Art.framework; sourceTree = BUILT_PRODUCTS_DIR; };
		209CD00DDCC01345D8AF36E6 /* Pods-ArtAdmin.release.xcconfig */ = {isa = PBXFileReference; includeInIndex = 1; lastKnownFileType = text.xcconfig; name = "Pods-ArtAdmin.release.xcconfig"; path = "Pods/Target Support Files/Pods-ArtAdmin/Pods-ArtAdmin.release.xcconfig"; sourceTree = "<group>"; };
		2BB569B924192A5E00F086FB /* Art.app */ = {isa = PBXFileReference; explicitFileType = wrapper.application; includeInIndex = 0; path = Art.app; sourceTree = BUILT_PRODUCTS_DIR; };
		2BB569BC24192A5E00F086FB /* AppDelegate.swift */ = {isa = PBXFileReference; lastKnownFileType = sourcecode.swift; path = AppDelegate.swift; sourceTree = "<group>"; };
		2BB569BE24192A5E00F086FB /* SceneDelegate.swift */ = {isa = PBXFileReference; lastKnownFileType = sourcecode.swift; path = SceneDelegate.swift; sourceTree = "<group>"; };
		2BB569C024192A5E00F086FB /* ViewController.swift */ = {isa = PBXFileReference; lastKnownFileType = sourcecode.swift; path = ViewController.swift; sourceTree = "<group>"; };
		2BB569C324192A5E00F086FB /* Base */ = {isa = PBXFileReference; lastKnownFileType = file.storyboard; name = Base; path = Base.lproj/Main.storyboard; sourceTree = "<group>"; };
		2BB569C524192A6000F086FB /* Assets.xcassets */ = {isa = PBXFileReference; lastKnownFileType = folder.assetcatalog; path = Assets.xcassets; sourceTree = "<group>"; };
		2BB569C824192A6000F086FB /* Base */ = {isa = PBXFileReference; lastKnownFileType = file.storyboard; name = Base; path = Base.lproj/LaunchScreen.storyboard; sourceTree = "<group>"; };
		2BB569CA24192A6000F086FB /* Info.plist */ = {isa = PBXFileReference; lastKnownFileType = text.plist.xml; path = Info.plist; sourceTree = "<group>"; };
		2BB569D424192BB700F086FB /* ArtAdmin.app */ = {isa = PBXFileReference; explicitFileType = wrapper.application; includeInIndex = 0; path = ArtAdmin.app; sourceTree = BUILT_PRODUCTS_DIR; };
		2BB569D624192BB700F086FB /* AppDelegate.swift */ = {isa = PBXFileReference; lastKnownFileType = sourcecode.swift; path = AppDelegate.swift; sourceTree = "<group>"; };
		2BB569D824192BB700F086FB /* SceneDelegate.swift */ = {isa = PBXFileReference; lastKnownFileType = sourcecode.swift; path = SceneDelegate.swift; sourceTree = "<group>"; };
		2BB569DA24192BB700F086FB /* ViewController.swift */ = {isa = PBXFileReference; lastKnownFileType = sourcecode.swift; path = ViewController.swift; sourceTree = "<group>"; };
		2BB569DD24192BB700F086FB /* Base */ = {isa = PBXFileReference; lastKnownFileType = file.storyboard; name = Base; path = Base.lproj/Main.storyboard; sourceTree = "<group>"; };
		2BB569E224192BB800F086FB /* Base */ = {isa = PBXFileReference; lastKnownFileType = file.storyboard; name = Base; path = Base.lproj/LaunchScreen.storyboard; sourceTree = "<group>"; };
		2BB569E424192BB800F086FB /* Info.plist */ = {isa = PBXFileReference; lastKnownFileType = text.plist.xml; path = Info.plist; sourceTree = "<group>"; };
		2BB569EA2419339F00F086FB /* LoginStoryboard.storyboard */ = {isa = PBXFileReference; lastKnownFileType = file.storyboard; path = LoginStoryboard.storyboard; sourceTree = "<group>"; };
		2BC8BC4C241A3A6B00F179F2 /* GoogleService-Info.plist */ = {isa = PBXFileReference; fileEncoding = 4; lastKnownFileType = text.plist.xml; path = "GoogleService-Info.plist"; sourceTree = "<group>"; };
		2BC8BC4E241A3BF900F179F2 /* GoogleService-Info.plist */ = {isa = PBXFileReference; fileEncoding = 4; lastKnownFileType = text.plist.xml; path = "GoogleService-Info.plist"; sourceTree = "<group>"; };
		2BC8BC54241A544B00F179F2 /* LoginVC.swift */ = {isa = PBXFileReference; lastKnownFileType = sourcecode.swift; path = LoginVC.swift; sourceTree = "<group>"; };
		2BC8BC56241A545D00F179F2 /* RegisterVC.swift */ = {isa = PBXFileReference; lastKnownFileType = sourcecode.swift; path = RegisterVC.swift; sourceTree = "<group>"; };
		2BC8BC59241A631800F179F2 /* Extensions.swift */ = {isa = PBXFileReference; lastKnownFileType = sourcecode.swift; path = Extensions.swift; sourceTree = "<group>"; };
		2BC8BC5B241A758B00F179F2 /* Constants.swift */ = {isa = PBXFileReference; lastKnownFileType = sourcecode.swift; path = Constants.swift; sourceTree = "<group>"; };
		2BD9072A241B57AB00D814C2 /* RoundedViews.swift */ = {isa = PBXFileReference; lastKnownFileType = sourcecode.swift; path = RoundedViews.swift; sourceTree = "<group>"; };
		50ADA5D6D0B52AAAB9A0EF5B /* Pods-ArtAdmin.debug.xcconfig */ = {isa = PBXFileReference; includeInIndex = 1; lastKnownFileType = text.xcconfig; name = "Pods-ArtAdmin.debug.xcconfig"; path = "Pods/Target Support Files/Pods-ArtAdmin/Pods-ArtAdmin.debug.xcconfig"; sourceTree = "<group>"; };
		53FCE3CA8001F3DC62E2E932 /* Pods-Art.debug.xcconfig */ = {isa = PBXFileReference; includeInIndex = 1; lastKnownFileType = text.xcconfig; name = "Pods-Art.debug.xcconfig"; path = "Pods/Target Support Files/Pods-Art/Pods-Art.debug.xcconfig"; sourceTree = "<group>"; };
		6CCF40AA473A97FE322E8F3D /* Pods_ArtAdmin.framework */ = {isa = PBXFileReference; explicitFileType = wrapper.framework; includeInIndex = 0; path = Pods_ArtAdmin.framework; sourceTree = BUILT_PRODUCTS_DIR; };
		706A03765C05763B2B617BAC /* Pods-Art.release.xcconfig */ = {isa = PBXFileReference; includeInIndex = 1; lastKnownFileType = text.xcconfig; name = "Pods-Art.release.xcconfig"; path = "Pods/Target Support Files/Pods-Art/Pods-Art.release.xcconfig"; sourceTree = "<group>"; };
/* End PBXFileReference section */

/* Begin PBXFrameworksBuildPhase section */
		2BB569B624192A5E00F086FB /* Frameworks */ = {
			isa = PBXFrameworksBuildPhase;
			buildActionMask = 2147483647;
			files = (
				28F0EC3C592DE00465AB11D5 /* Pods_Art.framework in Frameworks */,
			);
			runOnlyForDeploymentPostprocessing = 0;
		};
		2BB569D124192BB700F086FB /* Frameworks */ = {
			isa = PBXFrameworksBuildPhase;
			buildActionMask = 2147483647;
			files = (
				B340D8E10D53569993BD684A /* Pods_ArtAdmin.framework in Frameworks */,
			);
			runOnlyForDeploymentPostprocessing = 0;
		};
/* End PBXFrameworksBuildPhase section */

/* Begin PBXGroup section */
		2BB569B024192A5E00F086FB = {
			isa = PBXGroup;
			children = (
				2BB569E824192CBF00F086FB /* Shared */,
				2BB569BB24192A5E00F086FB /* Art */,
				2BB569D524192BB700F086FB /* ArtAdmin */,
				2BB569BA24192A5E00F086FB /* Products */,
				CE9E6B2B75CBB77FD88DA6BD /* Pods */,
				3D5A8CCF2009542ABD28DD4A /* Frameworks */,
			);
			sourceTree = "<group>";
		};
		2BB569BA24192A5E00F086FB /* Products */ = {
			isa = PBXGroup;
			children = (
				2BB569B924192A5E00F086FB /* Art.app */,
				2BB569D424192BB700F086FB /* ArtAdmin.app */,
			);
			name = Products;
			sourceTree = "<group>";
		};
		2BB569BB24192A5E00F086FB /* Art */ = {
			isa = PBXGroup;
			children = (
				2BC8BC52241A53BE00F179F2 /* Model */,
				2BC8BC51241A53B700F179F2 /* View */,
				2BC8BC50241A53AD00F179F2 /* Controller */,
				2BC8BC53241A53C600F179F2 /* Storyboards */,
				2BC8BC4C241A3A6B00F179F2 /* GoogleService-Info.plist */,
				2BB569CA24192A6000F086FB /* Info.plist */,
			);
			path = Art;
			sourceTree = "<group>";
		};
		2BB569D524192BB700F086FB /* ArtAdmin */ = {
			isa = PBXGroup;
			children = (
				2BB569D624192BB700F086FB /* AppDelegate.swift */,
				2BB569D824192BB700F086FB /* SceneDelegate.swift */,
				2BB569DA24192BB700F086FB /* ViewController.swift */,
				2BB569DC24192BB700F086FB /* Main.storyboard */,
				2BB569E124192BB800F086FB /* LaunchScreen.storyboard */,
				2BC8BC4E241A3BF900F179F2 /* GoogleService-Info.plist */,
				2BB569E424192BB800F086FB /* Info.plist */,
			);
			path = ArtAdmin;
			sourceTree = "<group>";
		};
		2BB569E824192CBF00F086FB /* Shared */ = {
			isa = PBXGroup;
			children = (
				2BD90729241B578E00D814C2 /* View */,
				2BC8BC58241A630300F179F2 /* Utilities */,
				2BB569C524192A6000F086FB /* Assets.xcassets */,
			);
			path = Shared;
			sourceTree = "<group>";
		};
		2BC8BC50241A53AD00F179F2 /* Controller */ = {
			isa = PBXGroup;
			children = (
				2BC8BC54241A544B00F179F2 /* LoginVC.swift */,
				2BC8BC56241A545D00F179F2 /* RegisterVC.swift */,
				2BB569BC24192A5E00F086FB /* AppDelegate.swift */,
				2BB569BE24192A5E00F086FB /* SceneDelegate.swift */,
				2BB569C024192A5E00F086FB /* ViewController.swift */,
			);
			path = Controller;
			sourceTree = "<group>";
		};
		2BC8BC51241A53B700F179F2 /* View */ = {
			isa = PBXGroup;
			children = (
			);
			path = View;
			sourceTree = "<group>";
		};
		2BC8BC52241A53BE00F179F2 /* Model */ = {
			isa = PBXGroup;
			children = (
			);
			path = Model;
			sourceTree = "<group>";
		};
		2BC8BC53241A53C600F179F2 /* Storyboards */ = {
			isa = PBXGroup;
			children = (
				2BB569EA2419339F00F086FB /* LoginStoryboard.storyboard */,
				2BB569C224192A5E00F086FB /* Main.storyboard */,
				2BB569C724192A6000F086FB /* LaunchScreen.storyboard */,
			);
			path = Storyboards;
			sourceTree = "<group>";
		};
		2BC8BC58241A630300F179F2 /* Utilities */ = {
			isa = PBXGroup;
			children = (
				2BC8BC59241A631800F179F2 /* Extensions.swift */,
				2BC8BC5B241A758B00F179F2 /* Constants.swift */,
			);
			path = Utilities;
			sourceTree = "<group>";
		};
		2BD90729241B578E00D814C2 /* View */ = {
			isa = PBXGroup;
			children = (
				2BD9072A241B57AB00D814C2 /* RoundedViews.swift */,
			);
			path = View;
			sourceTree = "<group>";
		};
		3D5A8CCF2009542ABD28DD4A /* Frameworks */ = {
			isa = PBXGroup;
			children = (
				0EDD2C5C3DE3D7D87E9B7E9B /* Pods_Art.framework */,
				6CCF40AA473A97FE322E8F3D /* Pods_ArtAdmin.framework */,
			);
			name = Frameworks;
			sourceTree = "<group>";
		};
		CE9E6B2B75CBB77FD88DA6BD /* Pods */ = {
			isa = PBXGroup;
			children = (
				53FCE3CA8001F3DC62E2E932 /* Pods-Art.debug.xcconfig */,
				706A03765C05763B2B617BAC /* Pods-Art.release.xcconfig */,
				50ADA5D6D0B52AAAB9A0EF5B /* Pods-ArtAdmin.debug.xcconfig */,
				209CD00DDCC01345D8AF36E6 /* Pods-ArtAdmin.release.xcconfig */,
			);
			name = Pods;
			sourceTree = "<group>";
		};
/* End PBXGroup section */

/* Begin PBXNativeTarget section */
		2BB569B824192A5E00F086FB /* Art */ = {
			isa = PBXNativeTarget;
			buildConfigurationList = 2BB569CD24192A6000F086FB /* Build configuration list for PBXNativeTarget "Art" */;
			buildPhases = (
				51BEDA244719E36BDB6AB353 /* [CP] Check Pods Manifest.lock */,
				2BB569B524192A5E00F086FB /* Sources */,
				2BB569B624192A5E00F086FB /* Frameworks */,
				2BB569B724192A5E00F086FB /* Resources */,
				A2A1EDC177642A23E9DEE4F0 /* [CP] Embed Pods Frameworks */,
			);
			buildRules = (
			);
			dependencies = (
			);
			name = Art;
			productName = Art;
			productReference = 2BB569B924192A5E00F086FB /* Art.app */;
			productType = "com.apple.product-type.application";
		};
		2BB569D324192BB700F086FB /* ArtAdmin */ = {
			isa = PBXNativeTarget;
			buildConfigurationList = 2BB569E524192BB800F086FB /* Build configuration list for PBXNativeTarget "ArtAdmin" */;
			buildPhases = (
				32305B262031B8C530D42349 /* [CP] Check Pods Manifest.lock */,
				2BB569D024192BB700F086FB /* Sources */,
				2BB569D124192BB700F086FB /* Frameworks */,
				2BB569D224192BB700F086FB /* Resources */,
				B51A4580050FC05A48A87B32 /* [CP] Embed Pods Frameworks */,
			);
			buildRules = (
			);
			dependencies = (
			);
			name = ArtAdmin;
			productName = ArtAdmin;
			productReference = 2BB569D424192BB700F086FB /* ArtAdmin.app */;
			productType = "com.apple.product-type.application";
		};
/* End PBXNativeTarget section */

/* Begin PBXProject section */
		2BB569B124192A5E00F086FB /* Project object */ = {
			isa = PBXProject;
			attributes = {
				LastSwiftUpdateCheck = 1130;
				LastUpgradeCheck = 1130;
				ORGANIZATIONNAME = "Shafiqul  Islam";
				TargetAttributes = {
					2BB569B824192A5E00F086FB = {
						CreatedOnToolsVersion = 11.3.1;
					};
					2BB569D324192BB700F086FB = {
						CreatedOnToolsVersion = 11.3.1;
					};
				};
			};
			buildConfigurationList = 2BB569B424192A5E00F086FB /* Build configuration list for PBXProject "Art" */;
			compatibilityVersion = "Xcode 9.3";
			developmentRegion = en;
			hasScannedForEncodings = 0;
			knownRegions = (
				en,
				Base,
			);
			mainGroup = 2BB569B024192A5E00F086FB;
			productRefGroup = 2BB569BA24192A5E00F086FB /* Products */;
			projectDirPath = "";
			projectRoot = "";
			targets = (
				2BB569B824192A5E00F086FB /* Art */,
				2BB569D324192BB700F086FB /* ArtAdmin */,
			);
		};
/* End PBXProject section */

/* Begin PBXResourcesBuildPhase section */
		2BB569B724192A5E00F086FB /* Resources */ = {
			isa = PBXResourcesBuildPhase;
			buildActionMask = 2147483647;
			files = (
				2BB569C924192A6000F086FB /* LaunchScreen.storyboard in Resources */,
				2BB569C624192A6000F086FB /* Assets.xcassets in Resources */,
				2BC8BC4D241A3A6B00F179F2 /* GoogleService-Info.plist in Resources */,
				2BB569C424192A5E00F086FB /* Main.storyboard in Resources */,
				2BB569EB2419339F00F086FB /* LoginStoryboard.storyboard in Resources */,
			);
			runOnlyForDeploymentPostprocessing = 0;
		};
		2BB569D224192BB700F086FB /* Resources */ = {
			isa = PBXResourcesBuildPhase;
			buildActionMask = 2147483647;
			files = (
				2BB569E324192BB800F086FB /* LaunchScreen.storyboard in Resources */,
				2BB569E924192CCA00F086FB /* Assets.xcassets in Resources */,
				2BC8BC4F241A3BF900F179F2 /* GoogleService-Info.plist in Resources */,
				2BB569DE24192BB700F086FB /* Main.storyboard in Resources */,
			);
			runOnlyForDeploymentPostprocessing = 0;
		};
/* End PBXResourcesBuildPhase section */

/* Begin PBXShellScriptBuildPhase section */
		32305B262031B8C530D42349 /* [CP] Check Pods Manifest.lock */ = {
			isa = PBXShellScriptBuildPhase;
			buildActionMask = 2147483647;
			files = (
			);
			inputPaths = (
				"${PODS_PODFILE_DIR_PATH}/Podfile.lock",
				"${PODS_ROOT}/Manifest.lock",
			);
			name = "[CP] Check Pods Manifest.lock";
			outputPaths = (
				"$(DERIVED_FILE_DIR)/Pods-ArtAdmin-checkManifestLockResult.txt",
			);
			runOnlyForDeploymentPostprocessing = 0;
			shellPath = /bin/sh;
			shellScript = "diff \"${PODS_PODFILE_DIR_PATH}/Podfile.lock\" \"${PODS_ROOT}/Manifest.lock\" > /dev/null\nif [ $? != 0 ] ; then\n    # print error to STDERR\n    echo \"error: The sandbox is not in sync with the Podfile.lock. Run 'pod install' or update your CocoaPods installation.\" >&2\n    exit 1\nfi\n# This output is used by Xcode 'outputs' to avoid re-running this script phase.\necho \"SUCCESS\" > \"${SCRIPT_OUTPUT_FILE_0}\"\n";
			showEnvVarsInLog = 0;
		};
		51BEDA244719E36BDB6AB353 /* [CP] Check Pods Manifest.lock */ = {
			isa = PBXShellScriptBuildPhase;
			buildActionMask = 2147483647;
			files = (
			);
			inputPaths = (
				"${PODS_PODFILE_DIR_PATH}/Podfile.lock",
				"${PODS_ROOT}/Manifest.lock",
			);
			name = "[CP] Check Pods Manifest.lock";
			outputPaths = (
				"$(DERIVED_FILE_DIR)/Pods-Art-checkManifestLockResult.txt",
			);
			runOnlyForDeploymentPostprocessing = 0;
			shellPath = /bin/sh;
			shellScript = "diff \"${PODS_PODFILE_DIR_PATH}/Podfile.lock\" \"${PODS_ROOT}/Manifest.lock\" > /dev/null\nif [ $? != 0 ] ; then\n    # print error to STDERR\n    echo \"error: The sandbox is not in sync with the Podfile.lock. Run 'pod install' or update your CocoaPods installation.\" >&2\n    exit 1\nfi\n# This output is used by Xcode 'outputs' to avoid re-running this script phase.\necho \"SUCCESS\" > \"${SCRIPT_OUTPUT_FILE_0}\"\n";
			showEnvVarsInLog = 0;
		};
		A2A1EDC177642A23E9DEE4F0 /* [CP] Embed Pods Frameworks */ = {
			isa = PBXShellScriptBuildPhase;
			buildActionMask = 2147483647;
			files = (
			);
			inputPaths = (
				"${SRCROOT}/Pods/Target Support Files/Pods-Art/Pods-Art-frameworks.sh",
				"${BUILT_PRODUCTS_DIR}/Alamofire/Alamofire.framework",
				"${BUILT_PRODUCTS_DIR}/BoringSSL-GRPC/openssl_grpc.framework",
				"${BUILT_PRODUCTS_DIR}/CodableFirebase/CodableFirebase.framework",
				"${BUILT_PRODUCTS_DIR}/GTMSessionFetcher/GTMSessionFetcher.framework",
				"${BUILT_PRODUCTS_DIR}/GoogleUtilities/GoogleUtilities.framework",
				"${BUILT_PRODUCTS_DIR}/IQKeyboardManagerSwift/IQKeyboardManagerSwift.framework",
				"${BUILT_PRODUCTS_DIR}/Kingfisher/Kingfisher.framework",
				"${BUILT_PRODUCTS_DIR}/Protobuf/Protobuf.framework",
				"${BUILT_PRODUCTS_DIR}/Stripe/Stripe.framework",
				"${BUILT_PRODUCTS_DIR}/gRPC-C++/grpcpp.framework",
				"${BUILT_PRODUCTS_DIR}/gRPC-Core/grpc.framework",
				"${BUILT_PRODUCTS_DIR}/leveldb-library/leveldb.framework",
				"${BUILT_PRODUCTS_DIR}/nanopb/nanopb.framework",
			);
			name = "[CP] Embed Pods Frameworks";
			outputPaths = (
				"${TARGET_BUILD_DIR}/${FRAMEWORKS_FOLDER_PATH}/Alamofire.framework",
				"${TARGET_BUILD_DIR}/${FRAMEWORKS_FOLDER_PATH}/openssl_grpc.framework",
				"${TARGET_BUILD_DIR}/${FRAMEWORKS_FOLDER_PATH}/CodableFirebase.framework",
				"${TARGET_BUILD_DIR}/${FRAMEWORKS_FOLDER_PATH}/GTMSessionFetcher.framework",
				"${TARGET_BUILD_DIR}/${FRAMEWORKS_FOLDER_PATH}/GoogleUtilities.framework",
				"${TARGET_BUILD_DIR}/${FRAMEWORKS_FOLDER_PATH}/IQKeyboardManagerSwift.framework",
				"${TARGET_BUILD_DIR}/${FRAMEWORKS_FOLDER_PATH}/Kingfisher.framework",
				"${TARGET_BUILD_DIR}/${FRAMEWORKS_FOLDER_PATH}/Protobuf.framework",
				"${TARGET_BUILD_DIR}/${FRAMEWORKS_FOLDER_PATH}/Stripe.framework",
				"${TARGET_BUILD_DIR}/${FRAMEWORKS_FOLDER_PATH}/grpcpp.framework",
				"${TARGET_BUILD_DIR}/${FRAMEWORKS_FOLDER_PATH}/grpc.framework",
				"${TARGET_BUILD_DIR}/${FRAMEWORKS_FOLDER_PATH}/leveldb.framework",
				"${TARGET_BUILD_DIR}/${FRAMEWORKS_FOLDER_PATH}/nanopb.framework",
			);
			runOnlyForDeploymentPostprocessing = 0;
			shellPath = /bin/sh;
			shellScript = "\"${SRCROOT}/Pods/Target Support Files/Pods-Art/Pods-Art-frameworks.sh\"\n";
			showEnvVarsInLog = 0;
		};
		B51A4580050FC05A48A87B32 /* [CP] Embed Pods Frameworks */ = {
			isa = PBXShellScriptBuildPhase;
			buildActionMask = 2147483647;
			files = (
			);
			inputPaths = (
				"${SRCROOT}/Pods/Target Support Files/Pods-ArtAdmin/Pods-ArtAdmin-frameworks.sh",
				"${BUILT_PRODUCTS_DIR}/BoringSSL-GRPC/openssl_grpc.framework",
				"${BUILT_PRODUCTS_DIR}/CodableFirebase/CodableFirebase.framework",
				"${BUILT_PRODUCTS_DIR}/GTMSessionFetcher/GTMSessionFetcher.framework",
				"${BUILT_PRODUCTS_DIR}/GoogleUtilities/GoogleUtilities.framework",
				"${BUILT_PRODUCTS_DIR}/IQKeyboardManagerSwift/IQKeyboardManagerSwift.framework",
				"${BUILT_PRODUCTS_DIR}/Kingfisher/Kingfisher.framework",
				"${BUILT_PRODUCTS_DIR}/Protobuf/Protobuf.framework",
				"${BUILT_PRODUCTS_DIR}/gRPC-C++/grpcpp.framework",
				"${BUILT_PRODUCTS_DIR}/gRPC-Core/grpc.framework",
				"${BUILT_PRODUCTS_DIR}/leveldb-library/leveldb.framework",
				"${BUILT_PRODUCTS_DIR}/nanopb/nanopb.framework",
				"${BUILT_PRODUCTS_DIR}/CropViewController/CropViewController.framework",
			);
			name = "[CP] Embed Pods Frameworks";
			outputPaths = (
				"${TARGET_BUILD_DIR}/${FRAMEWORKS_FOLDER_PATH}/openssl_grpc.framework",
				"${TARGET_BUILD_DIR}/${FRAMEWORKS_FOLDER_PATH}/CodableFirebase.framework",
				"${TARGET_BUILD_DIR}/${FRAMEWORKS_FOLDER_PATH}/GTMSessionFetcher.framework",
				"${TARGET_BUILD_DIR}/${FRAMEWORKS_FOLDER_PATH}/GoogleUtilities.framework",
				"${TARGET_BUILD_DIR}/${FRAMEWORKS_FOLDER_PATH}/IQKeyboardManagerSwift.framework",
				"${TARGET_BUILD_DIR}/${FRAMEWORKS_FOLDER_PATH}/Kingfisher.framework",
				"${TARGET_BUILD_DIR}/${FRAMEWORKS_FOLDER_PATH}/Protobuf.framework",
				"${TARGET_BUILD_DIR}/${FRAMEWORKS_FOLDER_PATH}/grpcpp.framework",
				"${TARGET_BUILD_DIR}/${FRAMEWORKS_FOLDER_PATH}/grpc.framework",
				"${TARGET_BUILD_DIR}/${FRAMEWORKS_FOLDER_PATH}/leveldb.framework",
				"${TARGET_BUILD_DIR}/${FRAMEWORKS_FOLDER_PATH}/nanopb.framework",
				"${TARGET_BUILD_DIR}/${FRAMEWORKS_FOLDER_PATH}/CropViewController.framework",
			);
			runOnlyForDeploymentPostprocessing = 0;
			shellPath = /bin/sh;
			shellScript = "\"${SRCROOT}/Pods/Target Support Files/Pods-ArtAdmin/Pods-ArtAdmin-frameworks.sh\"\n";
			showEnvVarsInLog = 0;
		};
/* End PBXShellScriptBuildPhase section */

/* Begin PBXSourcesBuildPhase section */
		2BB569B524192A5E00F086FB /* Sources */ = {
			isa = PBXSourcesBuildPhase;
			buildActionMask = 2147483647;
			files = (
				2BB569C124192A5E00F086FB /* ViewController.swift in Sources */,
				2BC8BC5A241A631800F179F2 /* Extensions.swift in Sources */,
				2BB569BD24192A5E00F086FB /* AppDelegate.swift in Sources */,
				2BC8BC55241A544B00F179F2 /* LoginVC.swift in Sources */,
				2BD9072B241B57AB00D814C2 /* RoundedViews.swift in Sources */,
				2BC8BC5C241A758B00F179F2 /* Constants.swift in Sources */,
				2BB569BF24192A5E00F086FB /* SceneDelegate.swift in Sources */,
				2BC8BC57241A545D00F179F2 /* RegisterVC.swift in Sources */,
			);
			runOnlyForDeploymentPostprocessing = 0;
		};
		2BB569D024192BB700F086FB /* Sources */ = {
			isa = PBXSourcesBuildPhase;
			buildActionMask = 2147483647;
			files = (
				2BB569DB24192BB700F086FB /* ViewController.swift in Sources */,
				2BB569D724192BB700F086FB /* AppDelegate.swift in Sources */,
				2BB569D924192BB700F086FB /* SceneDelegate.swift in Sources */,
			);
			runOnlyForDeploymentPostprocessing = 0;
		};
/* End PBXSourcesBuildPhase section */

/* Begin PBXVariantGroup section */
		2BB569C224192A5E00F086FB /* Main.storyboard */ = {
			isa = PBXVariantGroup;
			children = (
				2BB569C324192A5E00F086FB /* Base */,
			);
			name = Main.storyboard;
			sourceTree = "<group>";
		};
		2BB569C724192A6000F086FB /* LaunchScreen.storyboard */ = {
			isa = PBXVariantGroup;
			children = (
				2BB569C824192A6000F086FB /* Base */,
			);
			name = LaunchScreen.storyboard;
			sourceTree = "<group>";
		};
		2BB569DC24192BB700F086FB /* Main.storyboard */ = {
			isa = PBXVariantGroup;
			children = (
				2BB569DD24192BB700F086FB /* Base */,
			);
			name = Main.storyboard;
			sourceTree = "<group>";
		};
		2BB569E124192BB800F086FB /* LaunchScreen.storyboard */ = {
			isa = PBXVariantGroup;
			children = (
				2BB569E224192BB800F086FB /* Base */,
			);
			name = LaunchScreen.storyboard;
			sourceTree = "<group>";
		};
/* End PBXVariantGroup section */

/* Begin XCBuildConfiguration section */
		2BB569CB24192A6000F086FB /* Debug */ = {
			isa = XCBuildConfiguration;
			buildSettings = {
				ALWAYS_SEARCH_USER_PATHS = NO;
				CLANG_ANALYZER_NONNULL = YES;
				CLANG_ANALYZER_NUMBER_OBJECT_CONVERSION = YES_AGGRESSIVE;
				CLANG_CXX_LANGUAGE_STANDARD = "gnu++14";
				CLANG_CXX_LIBRARY = "libc++";
				CLANG_ENABLE_MODULES = YES;
				CLANG_ENABLE_OBJC_ARC = YES;
				CLANG_ENABLE_OBJC_WEAK = YES;
				CLANG_WARN_BLOCK_CAPTURE_AUTORELEASING = YES;
				CLANG_WARN_BOOL_CONVERSION = YES;
				CLANG_WARN_COMMA = YES;
				CLANG_WARN_CONSTANT_CONVERSION = YES;
				CLANG_WARN_DEPRECATED_OBJC_IMPLEMENTATIONS = YES;
				CLANG_WARN_DIRECT_OBJC_ISA_USAGE = YES_ERROR;
				CLANG_WARN_DOCUMENTATION_COMMENTS = YES;
				CLANG_WARN_EMPTY_BODY = YES;
				CLANG_WARN_ENUM_CONVERSION = YES;
				CLANG_WARN_INFINITE_RECURSION = YES;
				CLANG_WARN_INT_CONVERSION = YES;
				CLANG_WARN_NON_LITERAL_NULL_CONVERSION = YES;
				CLANG_WARN_OBJC_IMPLICIT_RETAIN_SELF = YES;
				CLANG_WARN_OBJC_LITERAL_CONVERSION = YES;
				CLANG_WARN_OBJC_ROOT_CLASS = YES_ERROR;
				CLANG_WARN_RANGE_LOOP_ANALYSIS = YES;
				CLANG_WARN_STRICT_PROTOTYPES = YES;
				CLANG_WARN_SUSPICIOUS_MOVE = YES;
				CLANG_WARN_UNGUARDED_AVAILABILITY = YES_AGGRESSIVE;
				CLANG_WARN_UNREACHABLE_CODE = YES;
				CLANG_WARN__DUPLICATE_METHOD_MATCH = YES;
				COPY_PHASE_STRIP = NO;
				DEBUG_INFORMATION_FORMAT = dwarf;
				ENABLE_STRICT_OBJC_MSGSEND = YES;
				ENABLE_TESTABILITY = YES;
				GCC_C_LANGUAGE_STANDARD = gnu11;
				GCC_DYNAMIC_NO_PIC = NO;
				GCC_NO_COMMON_BLOCKS = YES;
				GCC_OPTIMIZATION_LEVEL = 0;
				GCC_PREPROCESSOR_DEFINITIONS = (
					"DEBUG=1",
					"$(inherited)",
				);
				GCC_WARN_64_TO_32_BIT_CONVERSION = YES;
				GCC_WARN_ABOUT_RETURN_TYPE = YES_ERROR;
				GCC_WARN_UNDECLARED_SELECTOR = YES;
				GCC_WARN_UNINITIALIZED_AUTOS = YES_AGGRESSIVE;
				GCC_WARN_UNUSED_FUNCTION = YES;
				GCC_WARN_UNUSED_VARIABLE = YES;
				IPHONEOS_DEPLOYMENT_TARGET = 13.2;
				MTL_ENABLE_DEBUG_INFO = INCLUDE_SOURCE;
				MTL_FAST_MATH = YES;
				ONLY_ACTIVE_ARCH = YES;
				SDKROOT = iphoneos;
				SWIFT_ACTIVE_COMPILATION_CONDITIONS = DEBUG;
				SWIFT_OPTIMIZATION_LEVEL = "-Onone";
			};
			name = Debug;
		};
		2BB569CC24192A6000F086FB /* Release */ = {
			isa = XCBuildConfiguration;
			buildSettings = {
				ALWAYS_SEARCH_USER_PATHS = NO;
				CLANG_ANALYZER_NONNULL = YES;
				CLANG_ANALYZER_NUMBER_OBJECT_CONVERSION = YES_AGGRESSIVE;
				CLANG_CXX_LANGUAGE_STANDARD = "gnu++14";
				CLANG_CXX_LIBRARY = "libc++";
				CLANG_ENABLE_MODULES = YES;
				CLANG_ENABLE_OBJC_ARC = YES;
				CLANG_ENABLE_OBJC_WEAK = YES;
				CLANG_WARN_BLOCK_CAPTURE_AUTORELEASING = YES;
				CLANG_WARN_BOOL_CONVERSION = YES;
				CLANG_WARN_COMMA = YES;
				CLANG_WARN_CONSTANT_CONVERSION = YES;
				CLANG_WARN_DEPRECATED_OBJC_IMPLEMENTATIONS = YES;
				CLANG_WARN_DIRECT_OBJC_ISA_USAGE = YES_ERROR;
				CLANG_WARN_DOCUMENTATION_COMMENTS = YES;
				CLANG_WARN_EMPTY_BODY = YES;
				CLANG_WARN_ENUM_CONVERSION = YES;
				CLANG_WARN_INFINITE_RECURSION = YES;
				CLANG_WARN_INT_CONVERSION = YES;
				CLANG_WARN_NON_LITERAL_NULL_CONVERSION = YES;
				CLANG_WARN_OBJC_IMPLICIT_RETAIN_SELF = YES;
				CLANG_WARN_OBJC_LITERAL_CONVERSION = YES;
				CLANG_WARN_OBJC_ROOT_CLASS = YES_ERROR;
				CLANG_WARN_RANGE_LOOP_ANALYSIS = YES;
				CLANG_WARN_STRICT_PROTOTYPES = YES;
				CLANG_WARN_SUSPICIOUS_MOVE = YES;
				CLANG_WARN_UNGUARDED_AVAILABILITY = YES_AGGRESSIVE;
				CLANG_WARN_UNREACHABLE_CODE = YES;
				CLANG_WARN__DUPLICATE_METHOD_MATCH = YES;
				COPY_PHASE_STRIP = NO;
				DEBUG_INFORMATION_FORMAT = "dwarf-with-dsym";
				ENABLE_NS_ASSERTIONS = NO;
				ENABLE_STRICT_OBJC_MSGSEND = YES;
				GCC_C_LANGUAGE_STANDARD = gnu11;
				GCC_NO_COMMON_BLOCKS = YES;
				GCC_WARN_64_TO_32_BIT_CONVERSION = YES;
				GCC_WARN_ABOUT_RETURN_TYPE = YES_ERROR;
				GCC_WARN_UNDECLARED_SELECTOR = YES;
				GCC_WARN_UNINITIALIZED_AUTOS = YES_AGGRESSIVE;
				GCC_WARN_UNUSED_FUNCTION = YES;
				GCC_WARN_UNUSED_VARIABLE = YES;
				IPHONEOS_DEPLOYMENT_TARGET = 13.2;
				MTL_ENABLE_DEBUG_INFO = NO;
				MTL_FAST_MATH = YES;
				SDKROOT = iphoneos;
				SWIFT_COMPILATION_MODE = wholemodule;
				SWIFT_OPTIMIZATION_LEVEL = "-O";
				VALIDATE_PRODUCT = YES;
			};
			name = Release;
		};
		2BB569CE24192A6000F086FB /* Debug */ = {
			isa = XCBuildConfiguration;
			baseConfigurationReference = 53FCE3CA8001F3DC62E2E932 /* Pods-Art.debug.xcconfig */;
			buildSettings = {
				ASSETCATALOG_COMPILER_APPICON_NAME = AppIcon;
				CODE_SIGN_STYLE = Automatic;
				DEVELOPMENT_TEAM = P94MMJMBXY;
				INFOPLIST_FILE = Art/Info.plist;
				LD_RUNPATH_SEARCH_PATHS = (
					"$(inherited)",
					"@executable_path/Frameworks",
				);
				PRODUCT_BUNDLE_IDENTIFIER = com.ilmoislam.Art;
				PRODUCT_NAME = "$(TARGET_NAME)";
				SWIFT_VERSION = 5.0;
				TARGETED_DEVICE_FAMILY = "1,2";
			};
			name = Debug;
		};
		2BB569CF24192A6000F086FB /* Release */ = {
			isa = XCBuildConfiguration;
			baseConfigurationReference = 706A03765C05763B2B617BAC /* Pods-Art.release.xcconfig */;
			buildSettings = {
				ASSETCATALOG_COMPILER_APPICON_NAME = AppIcon;
				CODE_SIGN_STYLE = Automatic;
				DEVELOPMENT_TEAM = P94MMJMBXY;
				INFOPLIST_FILE = Art/Info.plist;
				LD_RUNPATH_SEARCH_PATHS = (
					"$(inherited)",
					"@executable_path/Frameworks",
				);
				PRODUCT_BUNDLE_IDENTIFIER = com.ilmoislam.Art;
				PRODUCT_NAME = "$(TARGET_NAME)";
				SWIFT_VERSION = 5.0;
				TARGETED_DEVICE_FAMILY = "1,2";
			};
			name = Release;
		};
		2BB569E624192BB800F086FB /* Debug */ = {
			isa = XCBuildConfiguration;
			baseConfigurationReference = 50ADA5D6D0B52AAAB9A0EF5B /* Pods-ArtAdmin.debug.xcconfig */;
			buildSettings = {
				ASSETCATALOG_COMPILER_APPICON_NAME = AppIcon;
				CODE_SIGN_STYLE = Automatic;
				DEVELOPMENT_TEAM = P94MMJMBXY;
				INFOPLIST_FILE = ArtAdmin/Info.plist;
				LD_RUNPATH_SEARCH_PATHS = (
					"$(inherited)",
					"@executable_path/Frameworks",
				);
				PRODUCT_BUNDLE_IDENTIFIER = com.ilmoislam.ArtAdmin;
				PRODUCT_NAME = "$(TARGET_NAME)";
				SWIFT_VERSION = 5.0;
				TARGETED_DEVICE_FAMILY = "1,2";
			};
			name = Debug;
		};
		2BB569E724192BB800F086FB /* Release */ = {
			isa = XCBuildConfiguration;
			baseConfigurationReference = 209CD00DDCC01345D8AF36E6 /* Pods-ArtAdmin.release.xcconfig */;
			buildSettings = {
				ASSETCATALOG_COMPILER_APPICON_NAME = AppIcon;
				CODE_SIGN_STYLE = Automatic;
				DEVELOPMENT_TEAM = P94MMJMBXY;
				INFOPLIST_FILE = ArtAdmin/Info.plist;
				LD_RUNPATH_SEARCH_PATHS = (
					"$(inherited)",
					"@executable_path/Frameworks",
				);
				PRODUCT_BUNDLE_IDENTIFIER = com.ilmoislam.ArtAdmin;
				PRODUCT_NAME = "$(TARGET_NAME)";
				SWIFT_VERSION = 5.0;
				TARGETED_DEVICE_FAMILY = "1,2";
			};
			name = Release;
		};
/* End XCBuildConfiguration section */

/* Begin XCConfigurationList section */
		2BB569B424192A5E00F086FB /* Build configuration list for PBXProject "Art" */ = {
			isa = XCConfigurationList;
			buildConfigurations = (
				2BB569CB24192A6000F086FB /* Debug */,
				2BB569CC24192A6000F086FB /* Release */,
			);
			defaultConfigurationIsVisible = 0;
			defaultConfigurationName = Release;
		};
		2BB569CD24192A6000F086FB /* Build configuration list for PBXNativeTarget "Art" */ = {
			isa = XCConfigurationList;
			buildConfigurations = (
				2BB569CE24192A6000F086FB /* Debug */,
				2BB569CF24192A6000F086FB /* Release */,
			);
			defaultConfigurationIsVisible = 0;
			defaultConfigurationName = Release;
		};
		2BB569E524192BB800F086FB /* Build configuration list for PBXNativeTarget "ArtAdmin" */ = {
			isa = XCConfigurationList;
			buildConfigurations = (
				2BB569E624192BB800F086FB /* Debug */,
				2BB569E724192BB800F086FB /* Release */,
			);
			defaultConfigurationIsVisible = 0;
			defaultConfigurationName = Release;
		};
/* End XCConfigurationList section */
	};
	rootObject = 2BB569B124192A5E00F086FB /* Project object */;
}
